{
  "pins" : [
    {
      "identity" : "interactivemap",
      "kind" : "remoteSourceControl",
      "location" : "https://github.com/GrandSir/InteractiveMap",
      "state" : {
        "branch" : "main",
        "revision" : "6ea05fff391c554518825ecf0805f2aa52e6d5d4"
      }
    },
    {
      "identity" : "purchases-ios",
      "kind" : "remoteSourceControl",
      "location" : "https://github.com/RevenueCat/purchases-ios.git",
      "state" : {
        "branch" : "main",
        "revision" : "e86cbecfde58f2dc0210cb769234cb86a8383fd4"
      }
    }
  ],
  "version" : 2
}
